
Microsoft Visual Studio Solution File, Format Version 12.00
# Visual Studio 15
VisualStudioVersion = 15.0.27703.2042
MinimumVisualStudioVersion = 10.0.40219.1
Project("{8BC9CEB8-8B4A-11D0-8D11-00A0C91BC942}") = "ConsoleApplication1", "ConsoleApplication1\ConsoleApplication1.vcxproj", "{FC6CE6A1-035B-4ED4-BDE5-E1236B8B165B}"
EndProject
Global
	GlobalSection(SolutionConfigurationPlatforms) = preSolution
		Debug|x64 = Debug|x64
		Debug|x86 = Debug|x86
		Release|x64 = Release|x64
		Release|x86 = Release|x86
	EndGlobalSection
	GlobalSection(ProjectConfigurationPlatforms) = postSolution
		{FC6CE6A1-035B-4ED4-BDE5-E1236B8B165B}.Debug|x64.ActiveCfg = Debug|x64
		{FC6CE6A1-035B-4ED4-BDE5-E1236B8B165B}.Debug|x64.Build.0 = Debug|x64
		{FC6CE6A1-035B-4ED4-BDE5-E1236B8B165B}.Debug|x86.ActiveCfg = Debug|Win32
		{FC6CE6A1-035B-4ED4-BDE5-E1236B8B165B}.Debug|x86.Build.0 = Debug|Win32
		{FC6CE6A1-035B-4ED4-BDE5-E1236B8B165B}.Release|x64.ActiveCfg = Release|x64
		{FC6CE6A1-035B-4ED4-BDE5-E1236B8B165B}.Release|x64.Build.0 = Release|x64
		{FC6CE6A1-035B-4ED4-BDE5-E1236B8B165B}.Release|x86.ActiveCfg = Release|Win32
		{FC6CE6A1-035B-4ED4-BDE5-E1236B8B165B}.Release|x86.Build.0 = Release|Win32
	EndGlobalSection
	GlobalSection(SolutionProperties) = preSolution
		HideSolutionNode = FALSE
	EndGlobalSection
	GlobalSection(ExtensibilityGlobals) = postSolution
		SolutionGuid = {BF2A708E-2AF1-4450-97FC-58E4E0ADAE6D}
	EndGlobalSection
EndGlobal
